{
    "name": "fingerprinting",
    "version": "1.0.0",
    "lockfileVersion": 2,
    "requires": true,
    "packages": {
        "": {
            "name": "fingerprinting",
            "version": "1.0.0",
            "dependencies": {
                "@mdn/browser-compat-data": "4.0.9"
            }
        },
        "node_modules/@mdn/browser-compat-data": {
            "version": "4.0.9",
            "resolved": "https://registry.npmjs.org/@mdn/browser-compat-data/-/browser-compat-data-4.0.9.tgz",
            "integrity": "sha512-6Viqyrqpb7fVXJ5VoIIu5UdQR9ftk1kvh4X40FQhy5IOFnawQ38CpEZw34ZPOtpVed72W27m3gRSJo+4qAFuqA=="
        }
    },
    "dependencies": {
        "@mdn/browser-compat-data": {
            "version": "4.0.9",
            "resolved": "https://registry.npmjs.org/@mdn/browser-compat-data/-/browser-compat-data-4.0.9.tgz",
            "integrity": "sha512-6Viqyrqpb7fVXJ5VoIIu5UdQR9ftk1kvh4X40FQhy5IOFnawQ38CpEZw34ZPOtpVed72W27m3gRSJo+4qAFuqA=="
        }
    }
}
